{
  "name": "its-gonna-rain",
  "lockfileVersion": 2,
  "requires": true,
  "packages": {
    "": {
      "dependencies": {
        "@picocss/pico": "^1.5.6"
      }
    },
    "node_modules/@picocss/pico": {
      "version": "1.5.6",
      "resolved": "https://registry.npmjs.org/@picocss/pico/-/pico-1.5.6.tgz",
      "integrity": "sha512-9R+OdtMuHijKa7AQKBrng/1Q/Cd3BnEigYJXmOxI10Eka2qGGDa4b0hua8UeYu01BTtAiO70K7CQuHffU4YXGA=="
    }
  },
  "dependencies": {
    "@picocss/pico": {
      "version": "1.5.6",
      "resolved": "https://registry.npmjs.org/@picocss/pico/-/pico-1.5.6.tgz",
      "integrity": "sha512-9R+OdtMuHijKa7AQKBrng/1Q/Cd3BnEigYJXmOxI10Eka2qGGDa4b0hua8UeYu01BTtAiO70K7CQuHffU4YXGA=="
    }
  }
}
